
Microsoft Visual Studio Solution File, Format Version 12.00
# Visual Studio Version 17
VisualStudioVersion = 17.11.35303.130
MinimumVisualStudioVersion = 10.0.40219.1
Project("{9A19103F-16F7-4668-BE54-9A1E7A4F7556}") = "codetheory.Web", "codetheory.Web\codetheory.Web.csproj", "{CAEEECEA-423D-491A-A559-0731F6E1514F}"
EndProject
Global
	GlobalSection(SolutionConfigurationPlatforms) = preSolution
		Debug|Any CPU = Debug|Any CPU
		Release|Any CPU = Release|Any CPU
	EndGlobalSection
	GlobalSection(ProjectConfigurationPlatforms) = postSolution
		{CAEEECEA-423D-491A-A559-0731F6E1514F}.Debug|Any CPU.ActiveCfg = Debug|Any CPU
		{CAEEECEA-423D-491A-A559-0731F6E1514F}.Debug|Any CPU.Build.0 = Debug|Any CPU
		{CAEEECEA-423D-491A-A559-0731F6E1514F}.Release|Any CPU.ActiveCfg = Release|Any CPU
		{CAEEECEA-423D-491A-A559-0731F6E1514F}.Release|Any CPU.Build.0 = Release|Any CPU
	EndGlobalSection
	GlobalSection(SolutionProperties) = preSolution
		HideSolutionNode = FALSE
	EndGlobalSection
	GlobalSection(ExtensibilityGlobals) = postSolution
		SolutionGuid = {89A16780-0779-4E2A-B8DA-0A45D07F326E}
	EndGlobalSection
EndGlobal
